Microsoft Visual Studio Solution File, Format Version 12.00
# Visual Studio 2012
Project("{FAE04EC0-301F-11D3-BF4B-00C04F79EFBC}") = "Github Game Jam 2023", "Github Game Jam 2023.csproj", "{1BF00C6D-0CC9-44B0-B372-20B1D72E2349}"
EndProject
Global
	GlobalSection(SolutionConfigurationPlatforms) = preSolution
	Debug|Any CPU = Debug|Any CPU
	ExportDebug|Any CPU = ExportDebug|Any CPU
	ExportRelease|Any CPU = ExportRelease|Any CPU
	EndGlobalSection
	GlobalSection(ProjectConfigurationPlatforms) = postSolution
		{1BF00C6D-0CC9-44B0-B372-20B1D72E2349}.Debug|Any CPU.ActiveCfg = Debug|Any CPU
		{1BF00C6D-0CC9-44B0-B372-20B1D72E2349}.Debug|Any CPU.Build.0 = Debug|Any CPU
		{1BF00C6D-0CC9-44B0-B372-20B1D72E2349}.ExportDebug|Any CPU.ActiveCfg = ExportDebug|Any CPU
		{1BF00C6D-0CC9-44B0-B372-20B1D72E2349}.ExportDebug|Any CPU.Build.0 = ExportDebug|Any CPU
		{1BF00C6D-0CC9-44B0-B372-20B1D72E2349}.ExportRelease|Any CPU.ActiveCfg = ExportRelease|Any CPU
		{1BF00C6D-0CC9-44B0-B372-20B1D72E2349}.ExportRelease|Any CPU.Build.0 = ExportRelease|Any CPU
	EndGlobalSection
EndGlobal
